{
  "name": "re-python",
  "version": "0.1.0",
  "lockfileVersion": 1,
  "requires": true,
  "dependencies": {
    "bs-parse": {
      "version": "git+https://github.com/aitoroses/bs-parse.git#db070fffd0de232c7fe4e733e84761bb4fa3f20a",
      "from": "git+https://github.com/aitoroses/bs-parse.git"
    },
    "tablecloth-bucklescript": {
      "version": "0.0.7",
      "resolved": "https://registry.npmjs.org/tablecloth-bucklescript/-/tablecloth-bucklescript-0.0.7.tgz",
      "integrity": "sha512-LR509lBXGDZcunx74BxdP5AgmeGpNPe4VKbH7edADjHor7hLa1MNFy5EbuL5HgrI893sGxTpBwlQq7nKJ0O9Fg=="
    }
  }
}
