# THIS IS AN AUTOGENERATED FILE. DO NOT EDIT THIS FILE DIRECTLY.
# yarn lockfile v1


argparse@^1.0.7:
  version "1.0.10"
  resolved "https://registry.yarnpkg.com/argparse/-/argparse-1.0.10.tgz#bcd6791ea5ae09725e17e5ad988134cd40b3d911"
  integrity sha512-o5Roy6tNG4SL/FOkCAN6RzjiakZS25RLYFrcMttJqbdd8BWrnA+fGz57iN5Pb06pvBGvl5gQ0B48dJlslXvoTg==
  dependencies:
    sprintf-js "~1.0.2"

"bs-parse@https://github.com/aitoroses/bs-parse":
  version "1.0.0"
  resolved "https://github.com/aitoroses/bs-parse#db070fffd0de232c7fe4e733e84761bb4fa3f20a"

bs-platform@^8.2.0:
  version "8.3.1"
  resolved "https://registry.yarnpkg.com/bs-platform/-/bs-platform-8.3.1.tgz#49ac0d7b84bcec190a7361353557cae965f92c67"
  integrity sha512-U7nKEGF1BfvODzcv1g2loeltE8YRCgX8mMlCojImsgI0HwfQKEq7ggO5dF1ae9ZfFxiLaI0069ZyoK5GLBO2OQ==

esprima@^4.0.0:
  version "4.0.1"
  resolved "https://registry.yarnpkg.com/esprima/-/esprima-4.0.1.tgz#13b04cdb3e6c5d19df91ab6987a8695619b0aa71"
  integrity sha512-eGuFFw7Upda+g4p+QHvnW0RyTX/SVeJBDM/gCtMARO0cLuT2HcEKnTPvhjV6aGeqrCB/sbNop0Kszm0jsaWU4A==

js-yaml@^3.14.0:
  version "3.14.0"
  resolved "https://registry.yarnpkg.com/js-yaml/-/js-yaml-3.14.0.tgz#a7a34170f26a21bb162424d8adacb4113a69e482"
  integrity sha512-/4IbIeHcD9VMHFqDR/gQ7EdZdLimOvW2DdcxFjdyyZ9NsbS+ccrXqVWDtab/lRl5AlUqmpBx8EhPaWR+OtY17A==
  dependencies:
    argparse "^1.0.7"
    esprima "^4.0.0"

sprintf-js@~1.0.2:
  version "1.0.3"
  resolved "https://registry.yarnpkg.com/sprintf-js/-/sprintf-js-1.0.3.tgz#04e6926f662895354f3dd015203633b857297e2c"
  integrity sha1-BOaSb2YolTVPPdAVIDYzuFcpfiw=

"tablecloth-bucklescript@https://github.com/darklang/tablecloth":
  version "0.0.7"
  resolved "https://github.com/darklang/tablecloth#7896ab4546195c452489a67b29fbb02c350c381d"
